
Microsoft Visual Studio Solution File, Format Version 12.00
# Visual Studio 14
VisualStudioVersion = 14.0.25420.1
MinimumVisualStudioVersion = 10.0.40219.1
Project("{FAE04EC0-301F-11D3-BF4B-00C04F79EFBC}") = "APIExcercise", "APIExcercise\APIExcercise.csproj", "{AD14D8BA-3FF8-4243-9C2F-98F486564DC8}"
EndProject
Global
	GlobalSection(SolutionConfigurationPlatforms) = preSolution
		Debug|Any CPU = Debug|Any CPU
		Release|Any CPU = Release|Any CPU
	EndGlobalSection
	GlobalSection(ProjectConfigurationPlatforms) = postSolution
		{AD14D8BA-3FF8-4243-9C2F-98F486564DC8}.Debug|Any CPU.ActiveCfg = Debug|Any CPU
		{AD14D8BA-3FF8-4243-9C2F-98F486564DC8}.Debug|Any CPU.Build.0 = Debug|Any CPU
		{AD14D8BA-3FF8-4243-9C2F-98F486564DC8}.Release|Any CPU.ActiveCfg = Release|Any CPU
		{AD14D8BA-3FF8-4243-9C2F-98F486564DC8}.Release|Any CPU.Build.0 = Release|Any CPU
	EndGlobalSection
	GlobalSection(SolutionProperties) = preSolution
		HideSolutionNode = FALSE
	EndGlobalSection
	GlobalSection(ExtensibilityGlobals) = postSolution
		EnterpriseLibraryConfigurationToolBinariesPath = packages\Unity.2.1.505.0\lib\NET35
	EndGlobalSection
EndGlobal
